
Microsoft Visual Studio Solution File, Format Version 12.00
# Visual Studio Version 16
VisualStudioVersion = 16.0.32901.82
MinimumVisualStudioVersion = 10.0.40219.1
Project("{8BC9CEB8-8B4A-11D0-8D11-00A0C91BC942}") = "5.4", "5.4\5.4.vcxproj", "{4CB42B09-6D9B-495C-B7FA-C716234BB883}"
EndProject
Global
	GlobalSection(SolutionConfigurationPlatforms) = preSolution
		Debug|x64 = Debug|x64
		Debug|x86 = Debug|x86
		Release|x64 = Release|x64
		Release|x86 = Release|x86
	EndGlobalSection
	GlobalSection(ProjectConfigurationPlatforms) = postSolution
		{4CB42B09-6D9B-495C-B7FA-C716234BB883}.Debug|x64.ActiveCfg = Debug|x64
		{4CB42B09-6D9B-495C-B7FA-C716234BB883}.Debug|x64.Build.0 = Debug|x64
		{4CB42B09-6D9B-495C-B7FA-C716234BB883}.Debug|x86.ActiveCfg = Debug|Win32
		{4CB42B09-6D9B-495C-B7FA-C716234BB883}.Debug|x86.Build.0 = Debug|Win32
		{4CB42B09-6D9B-495C-B7FA-C716234BB883}.Release|x64.ActiveCfg = Release|x64
		{4CB42B09-6D9B-495C-B7FA-C716234BB883}.Release|x64.Build.0 = Release|x64
		{4CB42B09-6D9B-495C-B7FA-C716234BB883}.Release|x86.ActiveCfg = Release|Win32
		{4CB42B09-6D9B-495C-B7FA-C716234BB883}.Release|x86.Build.0 = Release|Win32
	EndGlobalSection
	GlobalSection(SolutionProperties) = preSolution
		HideSolutionNode = FALSE
	EndGlobalSection
	GlobalSection(ExtensibilityGlobals) = postSolution
		SolutionGuid = {B19A1366-81E8-4E60-BBB6-26636727E111}
	EndGlobalSection
EndGlobal
